
Microsoft Visual Studio Solution File, Format Version 12.00
# Visual Studio Version 17
VisualStudioVersion = 17.13.35919.96 d17.13
MinimumVisualStudioVersion = 10.0.40219.1
Project("{FAE04EC0-301F-11D3-BF4B-00C04F79EFBC}") = "Products", "Products\Products.csproj", "{EA8CA953-4F51-496A-A2C5-226ADE81F410}"
EndProject
Global
	GlobalSection(SolutionConfigurationPlatforms) = preSolution
		Debug|Any CPU = Debug|Any CPU
		Release|Any CPU = Release|Any CPU
	EndGlobalSection
	GlobalSection(ProjectConfigurationPlatforms) = postSolution
		{EA8CA953-4F51-496A-A2C5-226ADE81F410}.Debug|Any CPU.ActiveCfg = Debug|Any CPU
		{EA8CA953-4F51-496A-A2C5-226ADE81F410}.Debug|Any CPU.Build.0 = Debug|Any CPU
		{EA8CA953-4F51-496A-A2C5-226ADE81F410}.Release|Any CPU.ActiveCfg = Release|Any CPU
		{EA8CA953-4F51-496A-A2C5-226ADE81F410}.Release|Any CPU.Build.0 = Release|Any CPU
	EndGlobalSection
	GlobalSection(SolutionProperties) = preSolution
		HideSolutionNode = FALSE
	EndGlobalSection
	GlobalSection(ExtensibilityGlobals) = postSolution
		SolutionGuid = {64B961C0-00B8-4CE7-AD65-90EE372F8BA5}
	EndGlobalSection
EndGlobal
